{
  "name": "http-example",
  "version": "0.25.0",
  "lockfileVersion": 2,
  "requires": true,
  "packages": {
    "": {
      "name": "http-example",
      "version": "0.25.0",
      "license": "Apache-2.0",
      "dependencies": {
        "@opentelemetry/api": "^1.0.2",
        "@opentelemetry/exporter-jaeger": "0.25.0",
        "@opentelemetry/exporter-zipkin": "0.25.0",
        "@opentelemetry/instrumentation": "0.25.0",
        "@opentelemetry/instrumentation-http": "0.25.0",
        "@opentelemetry/resources": "0.25.0",
        "@opentelemetry/sdk-trace-base": "0.25.0",
        "@opentelemetry/sdk-trace-node": "0.25.0",
        "@opentelemetry/semantic-conventions": "0.25.0"
      },
      "devDependencies": {
        "cross-env": "^6.0.0"
      },
      "engines": {
        "node": ">=8"
      }
    },
    "node_modules/@opentelemetry/api": {
      "version": "1.0.4",
      "resolved": "https://registry.npmjs.org/@opentelemetry/api/-/api-1.0.4.tgz",
      "integrity": "sha512-BuJuXRSJNQ3QoKA6GWWDyuLpOUck+9hAXNMCnrloc1aWVoy6Xq6t9PUV08aBZ4Lutqq2LEHM486bpZqoViScog==",
      "engines": {
        "node": ">=8.0.0"
      }
    },
    "node_modules/@opentelemetry/api-metrics": {
      "version": "0.25.0",
      "resolved": "https://registry.npmjs.org/@opentelemetry/api-metrics/-/api-metrics-0.25.0.tgz",
      "integrity": "sha512-9T0c9NQAEGRujUC7HzPa2/qZ5px/UvB2sfSU5CAKFRrAlDl2gn25B0oUbDqSRHW/IG1X2rnQ3z2bBQkJyJvE4g==",
      "engines": {
        "node": ">=8.0.0"
      },
      "peerDependencies": {
        "@opentelemetry/api": "^1.0.2"
      }
    },
    "node_modules/@opentelemetry/context-async-hooks": {
      "version": "0.25.0",
      "resolved": "https://registry.npmjs.org/@opentelemetry/context-async-hooks/-/context-async-hooks-0.25.0.tgz",
      "integrity": "sha512-XNjlBalbN82qCfkgPpof6g3oU/LZoyoGGrluA+cy4AKWjJ9FdEZqKwX2p2WHxEuWm8TrHh5HxqEXH5OH2o/5tw==",
      "engines": {
        "node": ">=8.1.0"
      },
      "peerDependencies": {
        "@opentelemetry/api": "^1.0.2"
      }
    },
    "node_modules/@opentelemetry/core": {
      "version": "0.25.0",
      "resolved": "https://registry.npmjs.org/@opentelemetry/core/-/core-0.25.0.tgz",
      "integrity": "sha512-8OTWF4vfCENU112XB5ElLqf0eq/FhsY0SBvvY65vB3+fbZ2Oi+CPsRASrUZWGtC9MJ5rK2lBlY+/jI4a/NPPBg==",
      "dependencies": {
        "@opentelemetry/semantic-conventions": "0.25.0",
        "semver": "^7.3.5"
      },
      "engines": {
        "node": ">=8.5.0"
      },
      "peerDependencies": {
        "@opentelemetry/api": "^1.0.2"
      }
    },
    "node_modules/@opentelemetry/exporter-jaeger": {
      "version": "0.25.0",
      "resolved": "https://registry.npmjs.org/@opentelemetry/exporter-jaeger/-/exporter-jaeger-0.25.0.tgz",
      "integrity": "sha512-ybCCBHNKMfW2oZy61Mdir0U4ikIwBCa4eNPGepYyUuvO+TbprWi5zBmGEtinlgkVKK3L1HTGMwpRPnnjxm41nA==",
      "dependencies": {
        "@opentelemetry/core": "0.25.0",
        "@opentelemetry/sdk-trace-base": "0.25.0",
        "@opentelemetry/semantic-conventions": "0.25.0",
        "jaeger-client": "^3.15.0"
      },
      "engines": {
        "node": ">=8.0.0"
      },
      "peerDependencies": {
        "@opentelemetry/api": "^1.0.2"
      }
    },
    "node_modules/@opentelemetry/exporter-zipkin": {
      "version": "0.25.0",
      "resolved": "https://registry.npmjs.org/@opentelemetry/exporter-zipkin/-/exporter-zipkin-0.25.0.tgz",
      "integrity": "sha512-tdVHdA0vrsQm/+OEdLiZtHUfuIcU+NBBntM+IDfrRqecHlvm/NnOd1nMLkGVveEd/SuZWgYTANUTIHEprpusbg==",
      "dependencies": {
        "@opentelemetry/core": "0.25.0",
        "@opentelemetry/resources": "0.25.0",
        "@opentelemetry/sdk-trace-base": "0.25.0",
        "@opentelemetry/semantic-conventions": "0.25.0"
      },
      "engines": {
        "node": ">=8.0.0"
      },
      "peerDependencies": {
        "@opentelemetry/api": "^1.0.2"
      }
    },
    "node_modules/@opentelemetry/instrumentation": {
      "version": "0.25.0",
      "resolved": "https://registry.npmjs.org/@opentelemetry/instrumentation/-/instrumentation-0.25.0.tgz",
      "integrity": "sha512-G9V2ISxrgUgdckZHZXu+kzeEgC76vRyZXlRdwXOT6VsJKHE+UENnC/502wNtPCFERgWSJ56W/51egkgkcKp6bA==",
      "dependencies": {
        "@opentelemetry/api-metrics": "0.25.0",
        "require-in-the-middle": "^5.0.3",
        "semver": "^7.3.2",
        "shimmer": "^1.2.1"
      },
      "peerDependencies": {
        "@opentelemetry/api": "^1.0.2"
      }
    },
    "node_modules/@opentelemetry/instrumentation-http": {
      "version": "0.25.0",
      "resolved": "https://registry.npmjs.org/@opentelemetry/instrumentation-http/-/instrumentation-http-0.25.0.tgz",
      "integrity": "sha512-unQsS48RmAD/4za8gm8fvNCjrxq/iVxDJ+qO9PLbijET95ZTnS0FTq8rDS+/p9Q2X1REB1h9PmuCZc+3JehkcA==",
      "dependencies": {
        "@opentelemetry/core": "0.25.0",
        "@opentelemetry/instrumentation": "0.25.0",
        "@opentelemetry/semantic-conventions": "0.25.0",
        "semver": "^7.3.5"
      },
      "engines": {
        "node": ">=8.0.0"
      },
      "peerDependencies": {
        "@opentelemetry/api": "^1.0.2"
      }
    },
    "node_modules/@opentelemetry/propagator-b3": {
      "version": "0.25.0",
      "resolved": "https://registry.npmjs.org/@opentelemetry/propagator-b3/-/propagator-b3-0.25.0.tgz",
      "integrity": "sha512-FMdy4YOZO56w2+pxsXWARWa+2F8N7fHW+ZfSFB937Q/oyOZ/2dhj3Ep12gqIH/qV6+kAblgiqOAMyOcnwBCUog==",
      "dependencies": {
        "@opentelemetry/core": "0.25.0"
      },
      "engines": {
        "node": ">=8.0.0"
      },
      "peerDependencies": {
        "@opentelemetry/api": "^1.0.2"
      }
    },
    "node_modules/@opentelemetry/propagator-jaeger": {
      "version": "0.25.0",
      "resolved": "https://registry.npmjs.org/@opentelemetry/propagator-jaeger/-/propagator-jaeger-0.25.0.tgz",
      "integrity": "sha512-GipAgda8xTQa5YrnCQBzWVcUQO7vMsz2AROFse3QXnmgdKz07bIBQFqQLXvr4SHr38LiOVpZWe7Nvfqtuz/0HA==",
      "dependencies": {
        "@opentelemetry/core": "0.25.0"
      },
      "engines": {
        "node": ">=8.5.0"
      },
      "peerDependencies": {
        "@opentelemetry/api": "^1.0.2"
      }
    },
    "node_modules/@opentelemetry/resources": {
      "version": "0.25.0",
      "resolved": "https://registry.npmjs.org/@opentelemetry/resources/-/resources-0.25.0.tgz",
      "integrity": "sha512-O46u53vDBlxCML8O9dIjsRcCC2VT5ri1upwhp02ITobgJ16aVD/iScCo1lPl/x2E7yq9uwzMINENiiYZRFb6XA==",
      "dependencies": {
        "@opentelemetry/core": "0.25.0",
        "@opentelemetry/semantic-conventions": "0.25.0"
      },
      "engines": {
        "node": ">=8.0.0"
      },
      "peerDependencies": {
        "@opentelemetry/api": "^1.0.2"
      }
    },
    "node_modules/@opentelemetry/sdk-trace-base": {
      "version": "0.25.0",
      "resolved": "https://registry.npmjs.org/@opentelemetry/sdk-trace-base/-/sdk-trace-base-0.25.0.tgz",
      "integrity": "sha512-TInkLSF/ThM3GNVM+9tgnCVjyNLnRxvAkG585Fhu0HNwaEtCTUwI0r7AvMRIREOreeRWttBG6kvT0LOKdo8yjw==",
      "dependencies": {
        "@opentelemetry/core": "0.25.0",
        "@opentelemetry/resources": "0.25.0",
        "@opentelemetry/semantic-conventions": "0.25.0",
        "lodash.merge": "^4.6.2"
      },
      "engines": {
        "node": ">=8.0.0"
      },
      "peerDependencies": {
        "@opentelemetry/api": "^1.0.2"
      }
    },
    "node_modules/@opentelemetry/sdk-trace-node": {
      "version": "0.25.0",
      "resolved": "https://registry.npmjs.org/@opentelemetry/sdk-trace-node/-/sdk-trace-node-0.25.0.tgz",
      "integrity": "sha512-j3bI3uhopgowdrJWIWkee/W5j0zeNk5Wydi7YGLayci+g/Ue3QYJaKlqaK2V7Rda1N8GY5d+k1CGQ3vE0DCOoQ==",
      "dependencies": {
        "@opentelemetry/context-async-hooks": "0.25.0",
        "@opentelemetry/core": "0.25.0",
        "@opentelemetry/propagator-b3": "0.25.0",
        "@opentelemetry/propagator-jaeger": "0.25.0",
        "@opentelemetry/sdk-trace-base": "0.25.0",
        "semver": "^7.3.5"
      },
      "engines": {
        "node": ">=8.0.0"
      },
      "peerDependencies": {
        "@opentelemetry/api": "^1.0.2"
      }
    },
    "node_modules/@opentelemetry/semantic-conventions": {
      "version": "0.25.0",
      "resolved": "https://registry.npmjs.org/@opentelemetry/semantic-conventions/-/semantic-conventions-0.25.0.tgz",
      "integrity": "sha512-V3N+MDBiv0TUlorbgiSqk6CvcP876CYUk/41Tg6s8OIyvniTwprE6vPvFQayuABiVkGlHOxv1Mlvp0w4qNdnVg==",
      "engines": {
        "node": ">=8.0.0"
      }
    },
    "node_modules/ansi-color": {
      "version": "0.2.1",
      "resolved": "https://registry.npmjs.org/ansi-color/-/ansi-color-0.2.1.tgz",
      "integrity": "sha1-PnXAN0dSF1RO12Oo21cJ+prlv5o=",
      "engines": {
        "node": "*"
      }
    },
    "node_modules/bufrw": {
      "version": "1.3.0",
      "resolved": "https://registry.npmjs.org/bufrw/-/bufrw-1.3.0.tgz",
      "integrity": "sha512-jzQnSbdJqhIltU9O5KUiTtljP9ccw2u5ix59McQy4pV2xGhVLhRZIndY8GIrgh5HjXa6+QJ9AQhOd2QWQizJFQ==",
      "dependencies": {
        "ansi-color": "^0.2.1",
        "error": "^7.0.0",
        "hexer": "^1.5.0",
        "xtend": "^4.0.0"
      },
      "engines": {
        "node": ">= 0.10.x"
      }
    },
    "node_modules/cross-env": {
      "version": "6.0.3",
      "resolved": "https://registry.npmjs.org/cross-env/-/cross-env-6.0.3.tgz",
      "integrity": "sha512-+KqxF6LCvfhWvADcDPqo64yVIB31gv/jQulX2NGzKS/g3GEVz6/pt4wjHFtFWsHMddebWD/sDthJemzM4MaAag==",
      "dev": true,
      "dependencies": {
        "cross-spawn": "^7.0.0"
      },
      "bin": {
        "cross-env": "src/bin/cross-env.js",
        "cross-env-shell": "src/bin/cross-env-shell.js"
      },
      "engines": {
        "node": ">=8.0"
      }
    },
    "node_modules/cross-spawn": {
      "version": "7.0.3",
      "resolved": "https://registry.npmjs.org/cross-spawn/-/cross-spawn-7.0.3.tgz",
      "integrity": "sha512-iRDPJKUPVEND7dHPO8rkbOnPpyDygcDFtWjpeWNCgy8WP2rXcxXL8TskReQl6OrB2G7+UJrags1q15Fudc7G6w==",
      "dev": true,
      "dependencies": {
        "path-key": "^3.1.0",
        "shebang-command": "^2.0.0",
        "which": "^2.0.1"
      },
      "engines": {
        "node": ">= 8"
      }
    },
    "node_modules/debug": {
      "version": "4.3.3",
      "resolved": "https://registry.npmjs.org/debug/-/debug-4.3.3.tgz",
      "integrity": "sha512-/zxw5+vh1Tfv+4Qn7a5nsbcJKPaSvCDhojn6FEl9vupwK2VCSDtEiEtqr8DFtzYFOdz63LBkxec7DYuc2jon6Q==",
      "dependencies": {
        "ms": "2.1.2"
      },
      "engines": {
        "node": ">=6.0"
      },
      "peerDependenciesMeta": {
        "supports-color": {
          "optional": true
        }
      }
    },
    "node_modules/error": {
      "version": "7.0.2",
      "resolved": "https://registry.npmjs.org/error/-/error-7.0.2.tgz",
      "integrity": "sha1-pfdf/02ZJhJt2sDqXcOOaJFTywI=",
      "dependencies": {
        "string-template": "~0.2.1",
        "xtend": "~4.0.0"
      }
    },
    "node_modules/function-bind": {
      "version": "1.1.1",
      "resolved": "https://registry.npmjs.org/function-bind/-/function-bind-1.1.1.tgz",
      "integrity": "sha512-yIovAzMX49sF8Yl58fSCWJ5svSLuaibPxXQJFLmBObTuCr0Mf1KiPopGM9NiFjiYBCbfaa2Fh6breQ6ANVTI0A=="
    },
    "node_modules/has": {
      "version": "1.0.3",
      "resolved": "https://registry.npmjs.org/has/-/has-1.0.3.tgz",
      "integrity": "sha512-f2dvO0VU6Oej7RkWJGrehjbzMAjFp5/VKPp5tTpWIV4JHHZK1/BxbFRtf/siA2SWTe09caDmVtYYzWEIbBS4zw==",
      "dependencies": {
        "function-bind": "^1.1.1"
      },
      "engines": {
        "node": ">= 0.4.0"
      }
    },
    "node_modules/hexer": {
      "version": "1.5.0",
      "resolved": "https://registry.npmjs.org/hexer/-/hexer-1.5.0.tgz",
      "integrity": "sha1-uGzoCFmOip0YksVx887dhvyfBlM=",
      "dependencies": {
        "ansi-color": "^0.2.1",
        "minimist": "^1.1.0",
        "process": "^0.10.0",
        "xtend": "^4.0.0"
      },
      "bin": {
        "hexer": "cli.js"
      },
      "engines": {
        "node": ">= 0.10.x"
      }
    },
    "node_modules/is-core-module": {
      "version": "2.8.1",
      "resolved": "https://registry.npmjs.org/is-core-module/-/is-core-module-2.8.1.tgz",
      "integrity": "sha512-SdNCUs284hr40hFTFP6l0IfZ/RSrMXF3qgoRHd3/79unUTvrFO/JoXwkGm+5J/Oe3E/b5GsnG330uUNgRpu1PA==",
      "dependencies": {
        "has": "^1.0.3"
      },
      "funding": {
        "url": "https://github.com/sponsors/ljharb"
      }
    },
    "node_modules/isexe": {
      "version": "2.0.0",
      "resolved": "https://registry.npmjs.org/isexe/-/isexe-2.0.0.tgz",
      "integrity": "sha1-6PvzdNxVb/iUehDcsFctYz8s+hA=",
      "dev": true
    },
    "node_modules/jaeger-client": {
      "version": "3.19.0",
      "resolved": "https://registry.npmjs.org/jaeger-client/-/jaeger-client-3.19.0.tgz",
      "integrity": "sha512-M0c7cKHmdyEUtjemnJyx/y9uX16XHocL46yQvyqDlPdvAcwPDbHrIbKjQdBqtiE4apQ/9dmr+ZLJYYPGnurgpw==",
      "dependencies": {
        "node-int64": "^0.4.0",
        "opentracing": "^0.14.4",
        "thriftrw": "^3.5.0",
        "uuid": "^8.3.2",
        "xorshift": "^1.1.1"
      },
      "engines": {
        "node": ">=10"
      }
    },
    "node_modules/lodash.merge": {
      "version": "4.6.2",
      "resolved": "https://registry.npmjs.org/lodash.merge/-/lodash.merge-4.6.2.tgz",
      "integrity": "sha512-0KpjqXRVvrYyCsX1swR/XTK0va6VQkQM6MNo7PqW77ByjAhoARA8EfrP1N4+KlKj8YS0ZUCtRT/YUuhyYDujIQ=="
    },
    "node_modules/long": {
      "version": "2.4.0",
      "resolved": "https://registry.npmjs.org/long/-/long-2.4.0.tgz",
      "integrity": "sha1-n6GAux2VAM3CnEFWdmoZleH0Uk8=",
      "engines": {
        "node": ">=0.6"
      }
    },
    "node_modules/lru-cache": {
      "version": "6.0.0",
      "resolved": "https://registry.npmjs.org/lru-cache/-/lru-cache-6.0.0.tgz",
      "integrity": "sha512-Jo6dJ04CmSjuznwJSS3pUeWmd/H0ffTlkXXgwZi+eq1UCmqQwCh+eLsYOYCwY991i2Fah4h1BEMCx4qThGbsiA==",
      "dependencies": {
        "yallist": "^4.0.0"
      },
      "engines": {
        "node": ">=10"
      }
    },
    "node_modules/minimist": {
      "version": "1.2.5",
      "resolved": "https://registry.npmjs.org/minimist/-/minimist-1.2.5.tgz",
      "integrity": "sha512-FM9nNUYrRBAELZQT3xeZQ7fmMOBg6nWNmJKTcgsJeaLstP/UODVpGsr5OhXhhXg6f+qtJ8uiZ+PUxkDWcgIXLw=="
    },
    "node_modules/module-details-from-path": {
      "version": "1.0.3",
      "resolved": "https://registry.npmjs.org/module-details-from-path/-/module-details-from-path-1.0.3.tgz",
      "integrity": "sha1-EUyUlnPiqKNenTV4hSeqN7Z52is="
    },
    "node_modules/ms": {
      "version": "2.1.2",
      "resolved": "https://registry.npmjs.org/ms/-/ms-2.1.2.tgz",
      "integrity": "sha512-sGkPx+VjMtmA6MX27oA4FBFELFCZZ4S4XqeGOXCv68tT+jb3vk/RyaKWP0PTKyWtmLSM0b+adUTEvbs1PEaH2w=="
    },
    "node_modules/node-int64": {
      "version": "0.4.0",
      "resolved": "https://registry.npmjs.org/node-int64/-/node-int64-0.4.0.tgz",
      "integrity": "sha1-h6kGXNs1XTGC2PlM4RGIuCXGijs="
    },
    "node_modules/opentracing": {
      "version": "0.14.7",
      "resolved": "https://registry.npmjs.org/opentracing/-/opentracing-0.14.7.tgz",
      "integrity": "sha512-vz9iS7MJ5+Bp1URw8Khvdyw1H/hGvzHWlKQ7eRrQojSCDL1/SrWfrY9QebLw97n2deyRtzHRC3MkQfVNUCo91Q==",
      "engines": {
        "node": ">=0.10"
      }
    },
    "node_modules/path-key": {
      "version": "3.1.1",
      "resolved": "https://registry.npmjs.org/path-key/-/path-key-3.1.1.tgz",
      "integrity": "sha512-ojmeN0qd+y0jszEtoY48r0Peq5dwMEkIlCOu6Q5f41lfkswXuKtYrhgoTpLnyIcHm24Uhqx+5Tqm2InSwLhE6Q==",
      "dev": true,
      "engines": {
        "node": ">=8"
      }
    },
    "node_modules/path-parse": {
      "version": "1.0.7",
      "resolved": "https://registry.npmjs.org/path-parse/-/path-parse-1.0.7.tgz",
      "integrity": "sha512-LDJzPVEEEPR+y48z93A0Ed0yXb8pAByGWo/k5YYdYgpY2/2EsOsksJrq7lOHxryrVOn1ejG6oAp8ahvOIQD8sw=="
    },
    "node_modules/process": {
      "version": "0.10.1",
      "resolved": "https://registry.npmjs.org/process/-/process-0.10.1.tgz",
      "integrity": "sha1-hCRXzFHP7XLcd1r+6vuMYDQ3JyU=",
      "engines": {
        "node": ">= 0.6.0"
      }
    },
    "node_modules/require-in-the-middle": {
      "version": "5.1.0",
      "resolved": "https://registry.npmjs.org/require-in-the-middle/-/require-in-the-middle-5.1.0.tgz",
      "integrity": "sha512-M2rLKVupQfJ5lf9OvqFGIT+9iVLnTmjgbOmpil12hiSQNn5zJTKGPoIisETNjfK+09vP3rpm1zJajmErpr2sEQ==",
      "dependencies": {
        "debug": "^4.1.1",
        "module-details-from-path": "^1.0.3",
        "resolve": "^1.12.0"
      }
    },
    "node_modules/resolve": {
      "version": "1.22.0",
      "resolved": "https://registry.npmjs.org/resolve/-/resolve-1.22.0.tgz",
      "integrity": "sha512-Hhtrw0nLeSrFQ7phPp4OOcVjLPIeMnRlr5mcnVuMe7M/7eBn98A3hmFRLoFo3DLZkivSYwhRUJTyPyWAk56WLw==",
      "dependencies": {
        "is-core-module": "^2.8.1",
        "path-parse": "^1.0.7",
        "supports-preserve-symlinks-flag": "^1.0.0"
      },
      "bin": {
        "resolve": "bin/resolve"
      },
      "funding": {
        "url": "https://github.com/sponsors/ljharb"
      }
    },
    "node_modules/semver": {
      "version": "7.3.5",
      "resolved": "https://registry.npmjs.org/semver/-/semver-7.3.5.tgz",
      "integrity": "sha512-PoeGJYh8HK4BTO/a9Tf6ZG3veo/A7ZVsYrSA6J8ny9nb3B1VrpkuN+z9OE5wfE5p6H4LchYZsegiQgbJD94ZFQ==",
      "dependencies": {
        "lru-cache": "^6.0.0"
      },
      "bin": {
        "semver": "bin/semver.js"
      },
      "engines": {
        "node": ">=10"
      }
    },
    "node_modules/shebang-command": {
      "version": "2.0.0",
      "resolved": "https://registry.npmjs.org/shebang-command/-/shebang-command-2.0.0.tgz",
      "integrity": "sha512-kHxr2zZpYtdmrN1qDjrrX/Z1rR1kG8Dx+gkpK1G4eXmvXswmcE1hTWBWYUzlraYw1/yZp6YuDY77YtvbN0dmDA==",
      "dev": true,
      "dependencies": {
        "shebang-regex": "^3.0.0"
      },
      "engines": {
        "node": ">=8"
      }
    },
    "node_modules/shebang-regex": {
      "version": "3.0.0",
      "resolved": "https://registry.npmjs.org/shebang-regex/-/shebang-regex-3.0.0.tgz",
      "integrity": "sha512-7++dFhtcx3353uBaq8DDR4NuxBetBzC7ZQOhmTQInHEd6bSrXdiEyzCvG07Z44UYdLShWUyXt5M/yhz8ekcb1A==",
      "dev": true,
      "engines": {
        "node": ">=8"
      }
    },
    "node_modules/shimmer": {
      "version": "1.2.1",
      "resolved": "https://registry.npmjs.org/shimmer/-/shimmer-1.2.1.tgz",
      "integrity": "sha512-sQTKC1Re/rM6XyFM6fIAGHRPVGvyXfgzIDvzoq608vM+jeyVD0Tu1E6Np0Kc2zAIFWIj963V2800iF/9LPieQw=="
    },
    "node_modules/string-template": {
      "version": "0.2.1",
      "resolved": "https://registry.npmjs.org/string-template/-/string-template-0.2.1.tgz",
      "integrity": "sha1-QpMuWYo1LQH8IuwzZ9nYTuxsmt0="
    },
    "node_modules/supports-preserve-symlinks-flag": {
      "version": "1.0.0",
      "resolved": "https://registry.npmjs.org/supports-preserve-symlinks-flag/-/supports-preserve-symlinks-flag-1.0.0.tgz",
      "integrity": "sha512-ot0WnXS9fgdkgIcePe6RHNk1WA8+muPa6cSjeR3V8K27q9BB1rTE3R1p7Hv0z1ZyAc8s6Vvv8DIyWf681MAt0w==",
      "engines": {
        "node": ">= 0.4"
      },
      "funding": {
        "url": "https://github.com/sponsors/ljharb"
      }
    },
    "node_modules/thriftrw": {
      "version": "3.12.0",
      "resolved": "https://registry.npmjs.org/thriftrw/-/thriftrw-3.12.0.tgz",
      "integrity": "sha512-4YZvR4DPEI41n4Opwr4jmrLGG4hndxr7387kzRFIIzxHQjarPusH4lGXrugvgb7TtPrfZVTpZCVe44/xUxowEw==",
      "dependencies": {
        "bufrw": "^1.3.0",
        "error": "7.0.2",
        "long": "^2.4.0"
      },
      "bin": {
        "thrift2json": "thrift2json.js"
      },
      "engines": {
        "node": ">= 0.10.x"
      }
    },
    "node_modules/uuid": {
      "version": "8.3.2",
      "resolved": "https://registry.npmjs.org/uuid/-/uuid-8.3.2.tgz",
      "integrity": "sha512-+NYs2QeMWy+GWFOEm9xnn6HCDp0l7QBD7ml8zLUmJ+93Q5NF0NocErnwkTkXVFNiX3/fpC6afS8Dhb/gz7R7eg==",
      "bin": {
        "uuid": "dist/bin/uuid"
      }
    },
    "node_modules/which": {
      "version": "2.0.2",
      "resolved": "https://registry.npmjs.org/which/-/which-2.0.2.tgz",
      "integrity": "sha512-BLI3Tl1TW3Pvl70l3yq3Y64i+awpwXqsGBYWkkqMtnbXgrMD+yj7rhW0kuEDxzJaYXGjEW5ogapKNMEKNMjibA==",
      "dev": true,
      "dependencies": {
        "isexe": "^2.0.0"
      },
      "bin": {
        "node-which": "bin/node-which"
      },
      "engines": {
        "node": ">= 8"
      }
    },
    "node_modules/xorshift": {
      "version": "1.2.0",
      "resolved": "https://registry.npmjs.org/xorshift/-/xorshift-1.2.0.tgz",
      "integrity": "sha512-iYgNnGyeeJ4t6U11NpA/QiKy+PXn5Aa3Azg5qkwIFz1tBLllQrjjsk9yzD7IAK0naNU4JxdeDgqW9ov4u/hc4g=="
    },
    "node_modules/xtend": {
      "version": "4.0.2",
      "resolved": "https://registry.npmjs.org/xtend/-/xtend-4.0.2.tgz",
      "integrity": "sha512-LKYU1iAXJXUgAXn9URjiu+MWhyUXHsvfp7mcuYm9dSUKK0/CjtrUwFAxD82/mCWbtLsGjFIad0wIsod4zrTAEQ==",
      "engines": {
        "node": ">=0.4"
      }
    },
    "node_modules/yallist": {
      "version": "4.0.0",
      "resolved": "https://registry.npmjs.org/yallist/-/yallist-4.0.0.tgz",
      "integrity": "sha512-3wdGidZyq5PB084XLES5TpOSRA3wjXAlIWMhum2kRcv/41Sn2emQ0dycQW4uZXLejwKvg6EsvbdlVL+FYEct7A=="
    }
  },
  "dependencies": {
    "@opentelemetry/api": {
      "version": "1.0.4",
      "resolved": "https://registry.npmjs.org/@opentelemetry/api/-/api-1.0.4.tgz",
      "integrity": "sha512-BuJuXRSJNQ3QoKA6GWWDyuLpOUck+9hAXNMCnrloc1aWVoy6Xq6t9PUV08aBZ4Lutqq2LEHM486bpZqoViScog=="
    },
    "@opentelemetry/api-metrics": {
      "version": "0.25.0",
      "resolved": "https://registry.npmjs.org/@opentelemetry/api-metrics/-/api-metrics-0.25.0.tgz",
      "integrity": "sha512-9T0c9NQAEGRujUC7HzPa2/qZ5px/UvB2sfSU5CAKFRrAlDl2gn25B0oUbDqSRHW/IG1X2rnQ3z2bBQkJyJvE4g==",
      "requires": {}
    },
    "@opentelemetry/context-async-hooks": {
      "version": "0.25.0",
      "resolved": "https://registry.npmjs.org/@opentelemetry/context-async-hooks/-/context-async-hooks-0.25.0.tgz",
      "integrity": "sha512-XNjlBalbN82qCfkgPpof6g3oU/LZoyoGGrluA+cy4AKWjJ9FdEZqKwX2p2WHxEuWm8TrHh5HxqEXH5OH2o/5tw==",
      "requires": {}
    },
    "@opentelemetry/core": {
      "version": "0.25.0",
      "resolved": "https://registry.npmjs.org/@opentelemetry/core/-/core-0.25.0.tgz",
      "integrity": "sha512-8OTWF4vfCENU112XB5ElLqf0eq/FhsY0SBvvY65vB3+fbZ2Oi+CPsRASrUZWGtC9MJ5rK2lBlY+/jI4a/NPPBg==",
      "requires": {
        "@opentelemetry/semantic-conventions": "0.25.0",
        "semver": "^7.3.5"
      }
    },
    "@opentelemetry/exporter-jaeger": {
      "version": "0.25.0",
      "resolved": "https://registry.npmjs.org/@opentelemetry/exporter-jaeger/-/exporter-jaeger-0.25.0.tgz",
      "integrity": "sha512-ybCCBHNKMfW2oZy61Mdir0U4ikIwBCa4eNPGepYyUuvO+TbprWi5zBmGEtinlgkVKK3L1HTGMwpRPnnjxm41nA==",
      "requires": {
        "@opentelemetry/core": "0.25.0",
        "@opentelemetry/sdk-trace-base": "0.25.0",
        "@opentelemetry/semantic-conventions": "0.25.0",
        "jaeger-client": "^3.15.0"
      }
    },
    "@opentelemetry/exporter-zipkin": {
      "version": "0.25.0",
      "resolved": "https://registry.npmjs.org/@opentelemetry/exporter-zipkin/-/exporter-zipkin-0.25.0.tgz",
      "integrity": "sha512-tdVHdA0vrsQm/+OEdLiZtHUfuIcU+NBBntM+IDfrRqecHlvm/NnOd1nMLkGVveEd/SuZWgYTANUTIHEprpusbg==",
      "requires": {
        "@opentelemetry/core": "0.25.0",
        "@opentelemetry/resources": "0.25.0",
        "@opentelemetry/sdk-trace-base": "0.25.0",
        "@opentelemetry/semantic-conventions": "0.25.0"
      }
    },
    "@opentelemetry/instrumentation": {
      "version": "0.25.0",
      "resolved": "https://registry.npmjs.org/@opentelemetry/instrumentation/-/instrumentation-0.25.0.tgz",
      "integrity": "sha512-G9V2ISxrgUgdckZHZXu+kzeEgC76vRyZXlRdwXOT6VsJKHE+UENnC/502wNtPCFERgWSJ56W/51egkgkcKp6bA==",
      "requires": {
        "@opentelemetry/api-metrics": "0.25.0",
        "require-in-the-middle": "^5.0.3",
        "semver": "^7.3.2",
        "shimmer": "^1.2.1"
      }
    },
    "@opentelemetry/instrumentation-http": {
      "version": "0.25.0",
      "resolved": "https://registry.npmjs.org/@opentelemetry/instrumentation-http/-/instrumentation-http-0.25.0.tgz",
      "integrity": "sha512-unQsS48RmAD/4za8gm8fvNCjrxq/iVxDJ+qO9PLbijET95ZTnS0FTq8rDS+/p9Q2X1REB1h9PmuCZc+3JehkcA==",
      "requires": {
        "@opentelemetry/core": "0.25.0",
        "@opentelemetry/instrumentation": "0.25.0",
        "@opentelemetry/semantic-conventions": "0.25.0",
        "semver": "^7.3.5"
      }
    },
    "@opentelemetry/propagator-b3": {
      "version": "0.25.0",
      "resolved": "https://registry.npmjs.org/@opentelemetry/propagator-b3/-/propagator-b3-0.25.0.tgz",
      "integrity": "sha512-FMdy4YOZO56w2+pxsXWARWa+2F8N7fHW+ZfSFB937Q/oyOZ/2dhj3Ep12gqIH/qV6+kAblgiqOAMyOcnwBCUog==",
      "requires": {
        "@opentelemetry/core": "0.25.0"
      }
    },
    "@opentelemetry/propagator-jaeger": {
      "version": "0.25.0",
      "resolved": "https://registry.npmjs.org/@opentelemetry/propagator-jaeger/-/propagator-jaeger-0.25.0.tgz",
      "integrity": "sha512-GipAgda8xTQa5YrnCQBzWVcUQO7vMsz2AROFse3QXnmgdKz07bIBQFqQLXvr4SHr38LiOVpZWe7Nvfqtuz/0HA==",
      "requires": {
        "@opentelemetry/core": "0.25.0"
      }
    },
    "@opentelemetry/resources": {
      "version": "0.25.0",
      "resolved": "https://registry.npmjs.org/@opentelemetry/resources/-/resources-0.25.0.tgz",
      "integrity": "sha512-O46u53vDBlxCML8O9dIjsRcCC2VT5ri1upwhp02ITobgJ16aVD/iScCo1lPl/x2E7yq9uwzMINENiiYZRFb6XA==",
      "requires": {
        "@opentelemetry/core": "0.25.0",
        "@opentelemetry/semantic-conventions": "0.25.0"
      }
    },
    "@opentelemetry/sdk-trace-base": {
      "version": "0.25.0",
      "resolved": "https://registry.npmjs.org/@opentelemetry/sdk-trace-base/-/sdk-trace-base-0.25.0.tgz",
      "integrity": "sha512-TInkLSF/ThM3GNVM+9tgnCVjyNLnRxvAkG585Fhu0HNwaEtCTUwI0r7AvMRIREOreeRWttBG6kvT0LOKdo8yjw==",
      "requires": {
        "@opentelemetry/core": "0.25.0",
        "@opentelemetry/resources": "0.25.0",
        "@opentelemetry/semantic-conventions": "0.25.0",
        "lodash.merge": "^4.6.2"
      }
    },
    "@opentelemetry/sdk-trace-node": {
      "version": "0.25.0",
      "resolved": "https://registry.npmjs.org/@opentelemetry/sdk-trace-node/-/sdk-trace-node-0.25.0.tgz",
      "integrity": "sha512-j3bI3uhopgowdrJWIWkee/W5j0zeNk5Wydi7YGLayci+g/Ue3QYJaKlqaK2V7Rda1N8GY5d+k1CGQ3vE0DCOoQ==",
      "requires": {
        "@opentelemetry/context-async-hooks": "0.25.0",
        "@opentelemetry/core": "0.25.0",
        "@opentelemetry/propagator-b3": "0.25.0",
        "@opentelemetry/propagator-jaeger": "0.25.0",
        "@opentelemetry/sdk-trace-base": "0.25.0",
        "semver": "^7.3.5"
      }
    },
    "@opentelemetry/semantic-conventions": {
      "version": "0.25.0",
      "resolved": "https://registry.npmjs.org/@opentelemetry/semantic-conventions/-/semantic-conventions-0.25.0.tgz",
      "integrity": "sha512-V3N+MDBiv0TUlorbgiSqk6CvcP876CYUk/41Tg6s8OIyvniTwprE6vPvFQayuABiVkGlHOxv1Mlvp0w4qNdnVg=="
    },
    "ansi-color": {
      "version": "0.2.1",
      "resolved": "https://registry.npmjs.org/ansi-color/-/ansi-color-0.2.1.tgz",
      "integrity": "sha1-PnXAN0dSF1RO12Oo21cJ+prlv5o="
    },
    "bufrw": {
      "version": "1.3.0",
      "resolved": "https://registry.npmjs.org/bufrw/-/bufrw-1.3.0.tgz",
      "integrity": "sha512-jzQnSbdJqhIltU9O5KUiTtljP9ccw2u5ix59McQy4pV2xGhVLhRZIndY8GIrgh5HjXa6+QJ9AQhOd2QWQizJFQ==",
      "requires": {
        "ansi-color": "^0.2.1",
        "error": "^7.0.0",
        "hexer": "^1.5.0",
        "xtend": "^4.0.0"
      }
    },
    "cross-env": {
      "version": "6.0.3",
      "resolved": "https://registry.npmjs.org/cross-env/-/cross-env-6.0.3.tgz",
      "integrity": "sha512-+KqxF6LCvfhWvADcDPqo64yVIB31gv/jQulX2NGzKS/g3GEVz6/pt4wjHFtFWsHMddebWD/sDthJemzM4MaAag==",
      "dev": true,
      "requires": {
        "cross-spawn": "^7.0.0"
      }
    },
    "cross-spawn": {
      "version": "7.0.3",
      "resolved": "https://registry.npmjs.org/cross-spawn/-/cross-spawn-7.0.3.tgz",
      "integrity": "sha512-iRDPJKUPVEND7dHPO8rkbOnPpyDygcDFtWjpeWNCgy8WP2rXcxXL8TskReQl6OrB2G7+UJrags1q15Fudc7G6w==",
      "dev": true,
      "requires": {
        "path-key": "^3.1.0",
        "shebang-command": "^2.0.0",
        "which": "^2.0.1"
      }
    },
    "debug": {
      "version": "4.3.3",
      "resolved": "https://registry.npmjs.org/debug/-/debug-4.3.3.tgz",
      "integrity": "sha512-/zxw5+vh1Tfv+4Qn7a5nsbcJKPaSvCDhojn6FEl9vupwK2VCSDtEiEtqr8DFtzYFOdz63LBkxec7DYuc2jon6Q==",
      "requires": {
        "ms": "2.1.2"
      }
    },
    "error": {
      "version": "7.0.2",
      "resolved": "https://registry.npmjs.org/error/-/error-7.0.2.tgz",
      "integrity": "sha1-pfdf/02ZJhJt2sDqXcOOaJFTywI=",
      "requires": {
        "string-template": "~0.2.1",
        "xtend": "~4.0.0"
      }
    },
    "function-bind": {
      "version": "1.1.1",
      "resolved": "https://registry.npmjs.org/function-bind/-/function-bind-1.1.1.tgz",
      "integrity": "sha512-yIovAzMX49sF8Yl58fSCWJ5svSLuaibPxXQJFLmBObTuCr0Mf1KiPopGM9NiFjiYBCbfaa2Fh6breQ6ANVTI0A=="
    },
    "has": {
      "version": "1.0.3",
      "resolved": "https://registry.npmjs.org/has/-/has-1.0.3.tgz",
      "integrity": "sha512-f2dvO0VU6Oej7RkWJGrehjbzMAjFp5/VKPp5tTpWIV4JHHZK1/BxbFRtf/siA2SWTe09caDmVtYYzWEIbBS4zw==",
      "requires": {
        "function-bind": "^1.1.1"
      }
    },
    "hexer": {
      "version": "1.5.0",
      "resolved": "https://registry.npmjs.org/hexer/-/hexer-1.5.0.tgz",
      "integrity": "sha1-uGzoCFmOip0YksVx887dhvyfBlM=",
      "requires": {
        "ansi-color": "^0.2.1",
        "minimist": "^1.1.0",
        "process": "^0.10.0",
        "xtend": "^4.0.0"
      }
    },
    "is-core-module": {
      "version": "2.8.1",
      "resolved": "https://registry.npmjs.org/is-core-module/-/is-core-module-2.8.1.tgz",
      "integrity": "sha512-SdNCUs284hr40hFTFP6l0IfZ/RSrMXF3qgoRHd3/79unUTvrFO/JoXwkGm+5J/Oe3E/b5GsnG330uUNgRpu1PA==",
      "requires": {
        "has": "^1.0.3"
      }
    },
    "isexe": {
      "version": "2.0.0",
      "resolved": "https://registry.npmjs.org/isexe/-/isexe-2.0.0.tgz",
      "integrity": "sha1-6PvzdNxVb/iUehDcsFctYz8s+hA=",
      "dev": true
    },
    "jaeger-client": {
      "version": "3.19.0",
      "resolved": "https://registry.npmjs.org/jaeger-client/-/jaeger-client-3.19.0.tgz",
      "integrity": "sha512-M0c7cKHmdyEUtjemnJyx/y9uX16XHocL46yQvyqDlPdvAcwPDbHrIbKjQdBqtiE4apQ/9dmr+ZLJYYPGnurgpw==",
      "requires": {
        "node-int64": "^0.4.0",
        "opentracing": "^0.14.4",
        "thriftrw": "^3.5.0",
        "uuid": "^8.3.2",
        "xorshift": "^1.1.1"
      }
    },
    "lodash.merge": {
      "version": "4.6.2",
      "resolved": "https://registry.npmjs.org/lodash.merge/-/lodash.merge-4.6.2.tgz",
      "integrity": "sha512-0KpjqXRVvrYyCsX1swR/XTK0va6VQkQM6MNo7PqW77ByjAhoARA8EfrP1N4+KlKj8YS0ZUCtRT/YUuhyYDujIQ=="
    },
    "long": {
      "version": "2.4.0",
      "resolved": "https://registry.npmjs.org/long/-/long-2.4.0.tgz",
      "integrity": "sha1-n6GAux2VAM3CnEFWdmoZleH0Uk8="
    },
    "lru-cache": {
      "version": "6.0.0",
      "resolved": "https://registry.npmjs.org/lru-cache/-/lru-cache-6.0.0.tgz",
      "integrity": "sha512-Jo6dJ04CmSjuznwJSS3pUeWmd/H0ffTlkXXgwZi+eq1UCmqQwCh+eLsYOYCwY991i2Fah4h1BEMCx4qThGbsiA==",
      "requires": {
        "yallist": "^4.0.0"
      }
    },
    "minimist": {
      "version": "1.2.5",
      "resolved": "https://registry.npmjs.org/minimist/-/minimist-1.2.5.tgz",
      "integrity": "sha512-FM9nNUYrRBAELZQT3xeZQ7fmMOBg6nWNmJKTcgsJeaLstP/UODVpGsr5OhXhhXg6f+qtJ8uiZ+PUxkDWcgIXLw=="
    },
    "module-details-from-path": {
      "version": "1.0.3",
      "resolved": "https://registry.npmjs.org/module-details-from-path/-/module-details-from-path-1.0.3.tgz",
      "integrity": "sha1-EUyUlnPiqKNenTV4hSeqN7Z52is="
    },
    "ms": {
      "version": "2.1.2",
      "resolved": "https://registry.npmjs.org/ms/-/ms-2.1.2.tgz",
      "integrity": "sha512-sGkPx+VjMtmA6MX27oA4FBFELFCZZ4S4XqeGOXCv68tT+jb3vk/RyaKWP0PTKyWtmLSM0b+adUTEvbs1PEaH2w=="
    },
    "node-int64": {
      "version": "0.4.0",
      "resolved": "https://registry.npmjs.org/node-int64/-/node-int64-0.4.0.tgz",
      "integrity": "sha1-h6kGXNs1XTGC2PlM4RGIuCXGijs="
    },
    "opentracing": {
      "version": "0.14.7",
      "resolved": "https://registry.npmjs.org/opentracing/-/opentracing-0.14.7.tgz",
      "integrity": "sha512-vz9iS7MJ5+Bp1URw8Khvdyw1H/hGvzHWlKQ7eRrQojSCDL1/SrWfrY9QebLw97n2deyRtzHRC3MkQfVNUCo91Q=="
    },
    "path-key": {
      "version": "3.1.1",
      "resolved": "https://registry.npmjs.org/path-key/-/path-key-3.1.1.tgz",
      "integrity": "sha512-ojmeN0qd+y0jszEtoY48r0Peq5dwMEkIlCOu6Q5f41lfkswXuKtYrhgoTpLnyIcHm24Uhqx+5Tqm2InSwLhE6Q==",
      "dev": true
    },
    "path-parse": {
      "version": "1.0.7",
      "resolved": "https://registry.npmjs.org/path-parse/-/path-parse-1.0.7.tgz",
      "integrity": "sha512-LDJzPVEEEPR+y48z93A0Ed0yXb8pAByGWo/k5YYdYgpY2/2EsOsksJrq7lOHxryrVOn1ejG6oAp8ahvOIQD8sw=="
    },
    "process": {
      "version": "0.10.1",
      "resolved": "https://registry.npmjs.org/process/-/process-0.10.1.tgz",
      "integrity": "sha1-hCRXzFHP7XLcd1r+6vuMYDQ3JyU="
    },
    "require-in-the-middle": {
      "version": "5.1.0",
      "resolved": "https://registry.npmjs.org/require-in-the-middle/-/require-in-the-middle-5.1.0.tgz",
      "integrity": "sha512-M2rLKVupQfJ5lf9OvqFGIT+9iVLnTmjgbOmpil12hiSQNn5zJTKGPoIisETNjfK+09vP3rpm1zJajmErpr2sEQ==",
      "requires": {
        "debug": "^4.1.1",
        "module-details-from-path": "^1.0.3",
        "resolve": "^1.12.0"
      }
    },
    "resolve": {
      "version": "1.22.0",
      "resolved": "https://registry.npmjs.org/resolve/-/resolve-1.22.0.tgz",
      "integrity": "sha512-Hhtrw0nLeSrFQ7phPp4OOcVjLPIeMnRlr5mcnVuMe7M/7eBn98A3hmFRLoFo3DLZkivSYwhRUJTyPyWAk56WLw==",
      "requires": {
        "is-core-module": "^2.8.1",
        "path-parse": "^1.0.7",
        "supports-preserve-symlinks-flag": "^1.0.0"
      }
    },
    "semver": {
      "version": "7.3.5",
      "resolved": "https://registry.npmjs.org/semver/-/semver-7.3.5.tgz",
      "integrity": "sha512-PoeGJYh8HK4BTO/a9Tf6ZG3veo/A7ZVsYrSA6J8ny9nb3B1VrpkuN+z9OE5wfE5p6H4LchYZsegiQgbJD94ZFQ==",
      "requires": {
        "lru-cache": "^6.0.0"
      }
    },
    "shebang-command": {
      "version": "2.0.0",
      "resolved": "https://registry.npmjs.org/shebang-command/-/shebang-command-2.0.0.tgz",
      "integrity": "sha512-kHxr2zZpYtdmrN1qDjrrX/Z1rR1kG8Dx+gkpK1G4eXmvXswmcE1hTWBWYUzlraYw1/yZp6YuDY77YtvbN0dmDA==",
      "dev": true,
      "requires": {
        "shebang-regex": "^3.0.0"
      }
    },
    "shebang-regex": {
      "version": "3.0.0",
      "resolved": "https://registry.npmjs.org/shebang-regex/-/shebang-regex-3.0.0.tgz",
      "integrity": "sha512-7++dFhtcx3353uBaq8DDR4NuxBetBzC7ZQOhmTQInHEd6bSrXdiEyzCvG07Z44UYdLShWUyXt5M/yhz8ekcb1A==",
      "dev": true
    },
    "shimmer": {
      "version": "1.2.1",
      "resolved": "https://registry.npmjs.org/shimmer/-/shimmer-1.2.1.tgz",
      "integrity": "sha512-sQTKC1Re/rM6XyFM6fIAGHRPVGvyXfgzIDvzoq608vM+jeyVD0Tu1E6Np0Kc2zAIFWIj963V2800iF/9LPieQw=="
    },
    "string-template": {
      "version": "0.2.1",
      "resolved": "https://registry.npmjs.org/string-template/-/string-template-0.2.1.tgz",
      "integrity": "sha1-QpMuWYo1LQH8IuwzZ9nYTuxsmt0="
    },
    "supports-preserve-symlinks-flag": {
      "version": "1.0.0",
      "resolved": "https://registry.npmjs.org/supports-preserve-symlinks-flag/-/supports-preserve-symlinks-flag-1.0.0.tgz",
      "integrity": "sha512-ot0WnXS9fgdkgIcePe6RHNk1WA8+muPa6cSjeR3V8K27q9BB1rTE3R1p7Hv0z1ZyAc8s6Vvv8DIyWf681MAt0w=="
    },
    "thriftrw": {
      "version": "3.12.0",
      "resolved": "https://registry.npmjs.org/thriftrw/-/thriftrw-3.12.0.tgz",
      "integrity": "sha512-4YZvR4DPEI41n4Opwr4jmrLGG4hndxr7387kzRFIIzxHQjarPusH4lGXrugvgb7TtPrfZVTpZCVe44/xUxowEw==",
      "requires": {
        "bufrw": "^1.3.0",
        "error": "7.0.2",
        "long": "^2.4.0"
      }
    },
    "uuid": {
      "version": "8.3.2",
      "resolved": "https://registry.npmjs.org/uuid/-/uuid-8.3.2.tgz",
      "integrity": "sha512-+NYs2QeMWy+GWFOEm9xnn6HCDp0l7QBD7ml8zLUmJ+93Q5NF0NocErnwkTkXVFNiX3/fpC6afS8Dhb/gz7R7eg=="
    },
    "which": {
      "version": "2.0.2",
      "resolved": "https://registry.npmjs.org/which/-/which-2.0.2.tgz",
      "integrity": "sha512-BLI3Tl1TW3Pvl70l3yq3Y64i+awpwXqsGBYWkkqMtnbXgrMD+yj7rhW0kuEDxzJaYXGjEW5ogapKNMEKNMjibA==",
      "dev": true,
      "requires": {
        "isexe": "^2.0.0"
      }
    },
    "xorshift": {
      "version": "1.2.0",
      "resolved": "https://registry.npmjs.org/xorshift/-/xorshift-1.2.0.tgz",
      "integrity": "sha512-iYgNnGyeeJ4t6U11NpA/QiKy+PXn5Aa3Azg5qkwIFz1tBLllQrjjsk9yzD7IAK0naNU4JxdeDgqW9ov4u/hc4g=="
    },
    "xtend": {
      "version": "4.0.2",
      "resolved": "https://registry.npmjs.org/xtend/-/xtend-4.0.2.tgz",
      "integrity": "sha512-LKYU1iAXJXUgAXn9URjiu+MWhyUXHsvfp7mcuYm9dSUKK0/CjtrUwFAxD82/mCWbtLsGjFIad0wIsod4zrTAEQ=="
    },
    "yallist": {
      "version": "4.0.0",
      "resolved": "https://registry.npmjs.org/yallist/-/yallist-4.0.0.tgz",
      "integrity": "sha512-3wdGidZyq5PB084XLES5TpOSRA3wjXAlIWMhum2kRcv/41Sn2emQ0dycQW4uZXLejwKvg6EsvbdlVL+FYEct7A=="
    }
  }
}
